// !$*UTF8*$!
{
	archiveVersion = 1;
	classes = {
	};
	objectVersion = 46;
	objects = {

/* Begin PBXBuildFile section */
		0325F0221FC47F9100D6E1F4 /* manifest.json in CopyFiles */ = {isa = PBXBuildFile; fileRef = 03D15DC61FC4437D00CA4A37 /* manifest.json */; };
		0325F0231FC47FA600D6E1F4 /* src in CopyFiles */ = {isa = PBXBuildFile; fileRef = 03D15E461FC4439700CA4A37 /* src */; };
		0325F0291FC4817B00D6E1F4 /* CocoaScript.framework in Frameworks */ = {isa = PBXBuildFile; fileRef = 03D15DD31FC4438400CA4A37 /* CocoaScript.framework */; settings = {ATTRIBUTES = (Weak, ); }; };
		0325F02A1FC4817B00D6E1F4 /* Mocha.framework in Frameworks */ = {isa = PBXBuildFile; fileRef = 03D15DD41FC4438400CA4A37 /* Mocha.framework */; settings = {ATTRIBUTES = (Weak, ); }; };
		03BAA5501F140C3F001A493A /* PrestoPanelUI.framework in CopyFiles */ = {isa = PBXBuildFile; fileRef = 03BAA51D1F140C1E001A493A /* PrestoPanelUI.framework */; settings = {ATTRIBUTES = (CodeSignOnCopy, RemoveHeadersOnCopy, ); }; };
		03D15E111FC4438500CA4A37 /* PrestoPanelUI.h in Headers */ = {isa = PBXBuildFile; fileRef = 03D15DD51FC4438400CA4A37 /* PrestoPanelUI.h */; settings = {ATTRIBUTES = (Public, ); }; };
		03D15E121FC4438500CA4A37 /* PrestoPanelUISketchPanel.m in Sources */ = {isa = PBXBuildFile; fileRef = 03D15DD71FC4438400CA4A37 /* PrestoPanelUISketchPanel.m */; };
		03D15E131FC4438500CA4A37 /* PrestoPanelUISketchPanelCell.m in Sources */ = {isa = PBXBuildFile; fileRef = 03D15DD81FC4438400CA4A37 /* PrestoPanelUISketchPanelCell.m */; };
		03D15E141FC4438500CA4A37 /* PrestoPanelUISketchPanel.h in Headers */ = {isa = PBXBuildFile; fileRef = 03D15DD91FC4438400CA4A37 /* PrestoPanelUISketchPanel.h */; };
		03D15E151FC4438500CA4A37 /* PrestoPanelUISketchPanelCell.h in Headers */ = {isa = PBXBuildFile; fileRef = 03D15DDA1FC4438400CA4A37 /* PrestoPanelUISketchPanelCell.h */; };
		03D15E161FC4438500CA4A37 /* PrestoPanelUISketchPanelCellHeader.h in Headers */ = {isa = PBXBuildFile; fileRef = 03D15DDC1FC4438400CA4A37 /* PrestoPanelUISketchPanelCellHeader.h */; };
		03D15E171FC4438500CA4A37 /* PrestoPanelUISketchPanelController.h in Headers */ = {isa = PBXBuildFile; fileRef = 03D15DDD1FC4438400CA4A37 /* PrestoPanelUISketchPanelController.h */; };
		03D15E181FC4438500CA4A37 /* PrestoPanelUISketchPanelDataSource.h in Headers */ = {isa = PBXBuildFile; fileRef = 03D15DDE1FC4438400CA4A37 /* PrestoPanelUISketchPanelDataSource.h */; };
		03D15E191FC4438500CA4A37 /* PrestoPanelUISketchPanelCellDefault.h in Headers */ = {isa = PBXBuildFile; fileRef = 03D15DDF1FC4438400CA4A37 /* PrestoPanelUISketchPanelCellDefault.h */; };
		03D15E1A1FC4438500CA4A37 /* PrestoPanelUISketchPanelCellDefault.xib in Resources */ = {isa = PBXBuildFile; fileRef = 03D15DE01FC4438400CA4A37 /* PrestoPanelUISketchPanelCellDefault.xib */; };
		03D15E1B1FC4438500CA4A37 /* PrestoPanelUISketchPanelCellSpacing.m in Sources */ = {isa = PBXBuildFile; fileRef = 03D15DE21FC4438400CA4A37 /* PrestoPanelUISketchPanelCellSpacing.m */; };
		03D15E1C1FC4438500CA4A37 /* PrestoPanelUISketchPanelCellAlignment.xib in Resources */ = {isa = PBXBuildFile; fileRef = 03D15DE31FC4438400CA4A37 /* PrestoPanelUISketchPanelCellAlignment.xib */; };
		03D15E1D1FC4438500CA4A37 /* PrestoPanelUISketchPanelBackgroundLayer.h in Headers */ = {isa = PBXBuildFile; fileRef = 03D15DE41FC4438400CA4A37 /* PrestoPanelUISketchPanelBackgroundLayer.h */; };
		03D15E1E1FC4438500CA4A37 /* PrestoPanelUISketchPanelCellDefault.h in Headers */ = {isa = PBXBuildFile; fileRef = 03D15DE51FC4438400CA4A37 /* PrestoPanelUISketchPanelCellDefault.h */; };
		03D15E1F1FC4438500CA4A37 /* PrestoPanelUISketchPanelScreenFlow.m in Sources */ = {isa = PBXBuildFile; fileRef = 03D15DE61FC4438400CA4A37 /* PrestoPanelUISketchPanelScreenFlow.m */; };
		03D15E201FC4438500CA4A37 /* PrestoPanelUISketchPanelSmartComponent.h in Headers */ = {isa = PBXBuildFile; fileRef = 03D15DE71FC4438400CA4A37 /* PrestoPanelUISketchPanelSmartComponent.h */; };
		03D15E211FC4438500CA4A37 /* PrestoPanelUISketchPanelSmartComponent.xib in Resources */ = {isa = PBXBuildFile; fileRef = 03D15DE81FC4438400CA4A37 /* PrestoPanelUISketchPanelSmartComponent.xib */; };
		03D15E221FC4438500CA4A37 /* PrestoPanelUISketchPanelCellAlignment.m in Sources */ = {isa = PBXBuildFile; fileRef = 03D15DE91FC4438400CA4A37 /* PrestoPanelUISketchPanelCellAlignment.m */; };
		03D15E231FC4438500CA4A37 /* PrestoPanelUISketchPanelScreenFlow.xib in Resources */ = {isa = PBXBuildFile; fileRef = 03D15DEA1FC4438400CA4A37 /* PrestoPanelUISketchPanelScreenFlow.xib */; };
		03D15E241FC4438500CA4A37 /* PrestoPanelUISketchPanelCellOrientation.h in Headers */ = {isa = PBXBuildFile; fileRef = 03D15DEB1FC4438400CA4A37 /* PrestoPanelUISketchPanelCellOrientation.h */; };
		03D15E251FC4438500CA4A37 /* PrestoPanelUISketchPanelCellOrientation.xib in Resources */ = {isa = PBXBuildFile; fileRef = 03D15DEC1FC4438400CA4A37 /* PrestoPanelUISketchPanelCellOrientation.xib */; };
		03D15E261FC4438500CA4A37 /* PrestoPanelUISketchPanelCellSpacing.h in Headers */ = {isa = PBXBuildFile; fileRef = 03D15DED1FC4438400CA4A37 /* PrestoPanelUISketchPanelCellSpacing.h */; };
		03D15E271FC4438500CA4A37 /* PrestoPanelUISketchPanelCellDefault.m in Sources */ = {isa = PBXBuildFile; fileRef = 03D15DEE1FC4438400CA4A37 /* PrestoPanelUISketchPanelCellDefault.m */; };
		03D15E281FC4438500CA4A37 /* PrestoPanelUISketchPanelBackgroundLayer.m in Sources */ = {isa = PBXBuildFile; fileRef = 03D15DEF1FC4438400CA4A37 /* PrestoPanelUISketchPanelBackgroundLayer.m */; };
		03D15E291FC4438500CA4A37 /* PrestoPanelUISketchPanelCellSpacing.xib in Resources */ = {isa = PBXBuildFile; fileRef = 03D15DF01FC4438400CA4A37 /* PrestoPanelUISketchPanelCellSpacing.xib */; };
		03D15E2A1FC4438500CA4A37 /* PrestoPanelUISketchPanelScreenFlow.h in Headers */ = {isa = PBXBuildFile; fileRef = 03D15DF11FC4438400CA4A37 /* PrestoPanelUISketchPanelScreenFlow.h */; };
		03D15E2B1FC4438500CA4A37 /* PrestoPanelUISketchPanelBackgroundLayer.xib in Resources */ = {isa = PBXBuildFile; fileRef = 03D15DF21FC4438400CA4A37 /* PrestoPanelUISketchPanelBackgroundLayer.xib */; };
		03D15E2C1FC4438500CA4A37 /* PrestoPanelUISketchPanelCellOrientation.m in Sources */ = {isa = PBXBuildFile; fileRef = 03D15DF31FC4438400CA4A37 /* PrestoPanelUISketchPanelCellOrientation.m */; };
		03D15E2D1FC4438500CA4A37 /* PrestoPanelUISketchPanelCellAlignment.h in Headers */ = {isa = PBXBuildFile; fileRef = 03D15DF41FC4438400CA4A37 /* PrestoPanelUISketchPanelCellAlignment.h */; };
		03D15E2E1FC4438500CA4A37 /* PrestoPanelUISketchPanelSmartComponent.m in Sources */ = {isa = PBXBuildFile; fileRef = 03D15DF51FC4438400CA4A37 /* PrestoPanelUISketchPanelSmartComponent.m */; };
		03D15E2F1FC4438500CA4A37 /* DUIPropsFeedback.m in Sources */ = {isa = PBXBuildFile; fileRef = 03D15DF61FC4438400CA4A37 /* DUIPropsFeedback.m */; };
		03D15E301FC4438500CA4A37 /* DUIPropsOverride.m in Sources */ = {isa = PBXBuildFile; fileRef = 03D15DF71FC4438400CA4A37 /* DUIPropsOverride.m */; };
		03D15E311FC4438500CA4A37 /* DUIPropsMapper.h in Headers */ = {isa = PBXBuildFile; fileRef = 03D15DF81FC4438400CA4A37 /* DUIPropsMapper.h */; };
		03D15E321FC4438500CA4A37 /* DEUApi.m in Sources */ = {isa = PBXBuildFile; fileRef = 03D15DF91FC4438400CA4A37 /* DEUApi.m */; };
		03D15E331FC4438500CA4A37 /* PrestoPanelUISketchPanelCellHeader.xib in Resources */ = {isa = PBXBuildFile; fileRef = 03D15DFA1FC4438400CA4A37 /* PrestoPanelUISketchPanelCellHeader.xib */; };
		03D15E341FC4438500CA4A37 /* PrestoPanelUISketchPanelController.m in Sources */ = {isa = PBXBuildFile; fileRef = 03D15DFB1FC4438400CA4A37 /* PrestoPanelUISketchPanelController.m */; };
		03D15E351FC4438500CA4A37 /* PrestoPanelUISketchPanelCellHeader.m in Sources */ = {isa = PBXBuildFile; fileRef = 03D15DFC1FC4438400CA4A37 /* PrestoPanelUISketchPanelCellHeader.m */; };
		03D15E361FC4438500CA4A37 /* centreh.png in Resources */ = {isa = PBXBuildFile; fileRef = 03D15DFE1FC4438400CA4A37 /* centreh.png */; };
		03D15E371FC4438500CA4A37 /* Vertical.png in Resources */ = {isa = PBXBuildFile; fileRef = 03D15DFF1FC4438400CA4A37 /* Vertical.png */; };
		03D15E381FC4438500CA4A37 /* bottom.png in Resources */ = {isa = PBXBuildFile; fileRef = 03D15E001FC4438400CA4A37 /* bottom.png */; };
		03D15E391FC4438500CA4A37 /* Horizontal.png in Resources */ = {isa = PBXBuildFile; fileRef = 03D15E011FC4438400CA4A37 /* Horizontal.png */; };
		03D15E3A1FC4438500CA4A37 /* left.png in Resources */ = {isa = PBXBuildFile; fileRef = 03D15E021FC4438400CA4A37 /* left.png */; };
		03D15E3B1FC4438500CA4A37 /* top.png in Resources */ = {isa = PBXBuildFile; fileRef = 03D15E031FC4438400CA4A37 /* top.png */; };
		03D15E3C1FC4438500CA4A37 /* centerv.png in Resources */ = {isa = PBXBuildFile; fileRef = 03D15E041FC4438400CA4A37 /* centerv.png */; };
		03D15E3D1FC4438500CA4A37 /* right.png in Resources */ = {isa = PBXBuildFile; fileRef = 03D15E051FC4438400CA4A37 /* right.png */; };
		03D15E3E1FC4438500CA4A37 /* DUIPropsFeedback.h in Headers */ = {isa = PBXBuildFile; fileRef = 03D15E061FC4438400CA4A37 /* DUIPropsFeedback.h */; };
		03D15E3F1FC4438500CA4A37 /* DUIPropsMapper.m in Sources */ = {isa = PBXBuildFile; fileRef = 03D15E071FC4438400CA4A37 /* DUIPropsMapper.m */; };
		03D15E401FC4438500CA4A37 /* DUIPropsOverride.h in Headers */ = {isa = PBXBuildFile; fileRef = 03D15E081FC4438400CA4A37 /* DUIPropsOverride.h */; };
		03D15E411FC4438500CA4A37 /* PrestoPanelUI.js in Resources */ = {isa = PBXBuildFile; fileRef = 03D15E091FC4438400CA4A37 /* PrestoPanelUI.js */; };
		03D15E421FC4438500CA4A37 /* PrestoPanelUI.m in Sources */ = {isa = PBXBuildFile; fileRef = 03D15E0A1FC4438400CA4A37 /* PrestoPanelUI.m */; };
		03D15E431FC4438500CA4A37 /* PrestoPanelUIMSDocument.h in Headers */ = {isa = PBXBuildFile; fileRef = 03D15E0C1FC4438400CA4A37 /* PrestoPanelUIMSDocument.h */; };
		03D15E441FC4438500CA4A37 /* PrestoPanelUIMSInspectorStackView.h in Headers */ = {isa = PBXBuildFile; fileRef = 03D15E0D1FC4438400CA4A37 /* PrestoPanelUIMSInspectorStackView.h */; };
/* End PBXBuildFile section */

/* Begin PBXContainerItemProxy section */
		03BAA54E1F140C38001A493A /* PBXContainerItemProxy */ = {
			isa = PBXContainerItemProxy;
			containerPortal = 03BAA5001F140BFB001A493A /* Project object */;
			proxyType = 1;
			remoteGlobalIDString = 03BAA51C1F140C1E001A493A;
			remoteInfo = PrestoPanelUI;
		};
/* End PBXContainerItemProxy section */

/* Begin PBXCopyFilesBuildPhase section */
		03BAA5061F140BFB001A493A /* CopyFiles */ = {
			isa = PBXCopyFilesBuildPhase;
			buildActionMask = 2147483647;
			dstPath = Contents/Sketch;
			dstSubfolderSpec = 1;
			files = (
				03BAA5501F140C3F001A493A /* PrestoPanelUI.framework in CopyFiles */,
				0325F0221FC47F9100D6E1F4 /* manifest.json in CopyFiles */,
				0325F0231FC47FA600D6E1F4 /* src in CopyFiles */,
			);
			runOnlyForDeploymentPostprocessing = 0;
		};
		186D3FE81F1B5E9900D3CD28 /* CopyFiles */ = {
			isa = PBXCopyFilesBuildPhase;
			buildActionMask = 2147483647;
			dstPath = Contents/Resources;
			dstSubfolderSpec = 1;
			files = (
			);
			runOnlyForDeploymentPostprocessing = 0;
		};
/* End PBXCopyFilesBuildPhase section */

/* Begin PBXFileReference section */
		0325F0261FC4817B00D6E1F4 /* PrestoPanel.xcodeproj */ = {isa = PBXFileReference; lastKnownFileType = "wrapper.pb-project"; name = PrestoPanel.xcodeproj; path = "/Users/Sachin/Desktop/Projects/Official/juspay-panel/PrestoPanel.xcodeproj"; sourceTree = "<absolute>"; };
		03BAA50A1F140BFB001A493A /* PrestoPanel.sketchplugin */ = {isa = PBXFileReference; explicitFileType = wrapper.cfbundle; includeInIndex = 0; path = PrestoPanel.sketchplugin; sourceTree = BUILT_PRODUCTS_DIR; };
		03BAA51D1F140C1E001A493A /* PrestoPanelUI.framework */ = {isa = PBXFileReference; explicitFileType = wrapper.framework; includeInIndex = 0; path = PrestoPanelUI.framework; sourceTree = BUILT_PRODUCTS_DIR; };
		03D15DC51FC4437D00CA4A37 /* file.html */ = {isa = PBXFileReference; fileEncoding = 4; lastKnownFileType = text.html; path = file.html; sourceTree = "<group>"; };
		03D15DC61FC4437D00CA4A37 /* manifest.json */ = {isa = PBXFileReference; fileEncoding = 4; lastKnownFileType = text.json; path = manifest.json; sourceTree = "<group>"; };
		03D15DC71FC4437D00CA4A37 /* Info.plist */ = {isa = PBXFileReference; fileEncoding = 4; lastKnownFileType = text.plist.xml; path = Info.plist; sourceTree = "<group>"; };
		03D15DD31FC4438400CA4A37 /* CocoaScript.framework */ = {isa = PBXFileReference; lastKnownFileType = wrapper.framework; path = CocoaScript.framework; sourceTree = "<group>"; };
		03D15DD41FC4438400CA4A37 /* Mocha.framework */ = {isa = PBXFileReference; lastKnownFileType = wrapper.framework; path = Mocha.framework; sourceTree = "<group>"; };
		03D15DD51FC4438400CA4A37 /* PrestoPanelUI.h */ = {isa = PBXFileReference; fileEncoding = 4; lastKnownFileType = sourcecode.c.h; path = PrestoPanelUI.h; sourceTree = "<group>"; };
		03D15DD71FC4438400CA4A37 /* PrestoPanelUISketchPanel.m */ = {isa = PBXFileReference; fileEncoding = 4; lastKnownFileType = sourcecode.c.objc; path = PrestoPanelUISketchPanel.m; sourceTree = "<group>"; };
		03D15DD81FC4438400CA4A37 /* PrestoPanelUISketchPanelCell.m */ = {isa = PBXFileReference; fileEncoding = 4; lastKnownFileType = sourcecode.c.objc; path = PrestoPanelUISketchPanelCell.m; sourceTree = "<group>"; };
		03D15DD91FC4438400CA4A37 /* PrestoPanelUISketchPanel.h */ = {isa = PBXFileReference; fileEncoding = 4; lastKnownFileType = sourcecode.c.h; path = PrestoPanelUISketchPanel.h; sourceTree = "<group>"; };
		03D15DDA1FC4438400CA4A37 /* PrestoPanelUISketchPanelCell.h */ = {isa = PBXFileReference; fileEncoding = 4; lastKnownFileType = sourcecode.c.h; path = PrestoPanelUISketchPanelCell.h; sourceTree = "<group>"; };
		03D15DDC1FC4438400CA4A37 /* PrestoPanelUISketchPanelCellHeader.h */ = {isa = PBXFileReference; fileEncoding = 4; lastKnownFileType = sourcecode.c.h; path = PrestoPanelUISketchPanelCellHeader.h; sourceTree = "<group>"; };
		03D15DDD1FC4438400CA4A37 /* PrestoPanelUISketchPanelController.h */ = {isa = PBXFileReference; fileEncoding = 4; lastKnownFileType = sourcecode.c.h; path = PrestoPanelUISketchPanelController.h; sourceTree = "<group>"; };
		03D15DDE1FC4438400CA4A37 /* PrestoPanelUISketchPanelDataSource.h */ = {isa = PBXFileReference; fileEncoding = 4; lastKnownFileType = sourcecode.c.h; path = PrestoPanelUISketchPanelDataSource.h; sourceTree = "<group>"; };
		03D15DDF1FC4438400CA4A37 /* PrestoPanelUISketchPanelCellDefault.h */ = {isa = PBXFileReference; fileEncoding = 4; lastKnownFileType = sourcecode.c.h; path = PrestoPanelUISketchPanelCellDefault.h; sourceTree = "<group>"; };
		03D15DE01FC4438400CA4A37 /* PrestoPanelUISketchPanelCellDefault.xib */ = {isa = PBXFileReference; fileEncoding = 4; lastKnownFileType = file.xib; path = PrestoPanelUISketchPanelCellDefault.xib; sourceTree = "<group>"; };
		03D15DE21FC4438400CA4A37 /* PrestoPanelUISketchPanelCellSpacing.m */ = {isa = PBXFileReference; fileEncoding = 4; lastKnownFileType = sourcecode.c.objc; path = PrestoPanelUISketchPanelCellSpacing.m; sourceTree = "<group>"; };
		03D15DE31FC4438400CA4A37 /* PrestoPanelUISketchPanelCellAlignment.xib */ = {isa = PBXFileReference; fileEncoding = 4; lastKnownFileType = file.xib; path = PrestoPanelUISketchPanelCellAlignment.xib; sourceTree = "<group>"; };
		03D15DE41FC4438400CA4A37 /* PrestoPanelUISketchPanelBackgroundLayer.h */ = {isa = PBXFileReference; fileEncoding = 4; lastKnownFileType = sourcecode.c.h; path = PrestoPanelUISketchPanelBackgroundLayer.h; sourceTree = "<group>"; };
		03D15DE51FC4438400CA4A37 /* PrestoPanelUISketchPanelCellDefault.h */ = {isa = PBXFileReference; fileEncoding = 4; lastKnownFileType = sourcecode.c.h; path = PrestoPanelUISketchPanelCellDefault.h; sourceTree = "<group>"; };
		03D15DE61FC4438400CA4A37 /* PrestoPanelUISketchPanelScreenFlow.m */ = {isa = PBXFileReference; fileEncoding = 4; lastKnownFileType = sourcecode.c.objc; path = PrestoPanelUISketchPanelScreenFlow.m; sourceTree = "<group>"; };
		03D15DE71FC4438400CA4A37 /* PrestoPanelUISketchPanelSmartComponent.h */ = {isa = PBXFileReference; fileEncoding = 4; lastKnownFileType = sourcecode.c.h; path = PrestoPanelUISketchPanelSmartComponent.h; sourceTree = "<group>"; };
		03D15DE81FC4438400CA4A37 /* PrestoPanelUISketchPanelSmartComponent.xib */ = {isa = PBXFileReference; fileEncoding = 4; lastKnownFileType = file.xib; path = PrestoPanelUISketchPanelSmartComponent.xib; sourceTree = "<group>"; };
		03D15DE91FC4438400CA4A37 /* PrestoPanelUISketchPanelCellAlignment.m */ = {isa = PBXFileReference; fileEncoding = 4; lastKnownFileType = sourcecode.c.objc; path = PrestoPanelUISketchPanelCellAlignment.m; sourceTree = "<group>"; };
		03D15DEA1FC4438400CA4A37 /* PrestoPanelUISketchPanelScreenFlow.xib */ = {isa = PBXFileReference; fileEncoding = 4; lastKnownFileType = file.xib; path = PrestoPanelUISketchPanelScreenFlow.xib; sourceTree = "<group>"; };
		03D15DEB1FC4438400CA4A37 /* PrestoPanelUISketchPanelCellOrientation.h */ = {isa = PBXFileReference; fileEncoding = 4; lastKnownFileType = sourcecode.c.h; path = PrestoPanelUISketchPanelCellOrientation.h; sourceTree = "<group>"; };
		03D15DEC1FC4438400CA4A37 /* PrestoPanelUISketchPanelCellOrientation.xib */ = {isa = PBXFileReference; fileEncoding = 4; lastKnownFileType = file.xib; path = PrestoPanelUISketchPanelCellOrientation.xib; sourceTree = "<group>"; };
		03D15DED1FC4438400CA4A37 /* PrestoPanelUISketchPanelCellSpacing.h */ = {isa = PBXFileReference; fileEncoding = 4; lastKnownFileType = sourcecode.c.h; path = PrestoPanelUISketchPanelCellSpacing.h; sourceTree = "<group>"; };
		03D15DEE1FC4438400CA4A37 /* PrestoPanelUISketchPanelCellDefault.m */ = {isa = PBXFileReference; fileEncoding = 4; lastKnownFileType = sourcecode.c.objc; path = PrestoPanelUISketchPanelCellDefault.m; sourceTree = "<group>"; };
		03D15DEF1FC4438400CA4A37 /* PrestoPanelUISketchPanelBackgroundLayer.m */ = {isa = PBXFileReference; fileEncoding = 4; lastKnownFileType = sourcecode.c.objc; path = PrestoPanelUISketchPanelBackgroundLayer.m; sourceTree = "<group>"; };
		03D15DF01FC4438400CA4A37 /* PrestoPanelUISketchPanelCellSpacing.xib */ = {isa = PBXFileReference; fileEncoding = 4; lastKnownFileType = file.xib; path = PrestoPanelUISketchPanelCellSpacing.xib; sourceTree = "<group>"; };
		03D15DF11FC4438400CA4A37 /* PrestoPanelUISketchPanelScreenFlow.h */ = {isa = PBXFileReference; fileEncoding = 4; lastKnownFileType = sourcecode.c.h; path = PrestoPanelUISketchPanelScreenFlow.h; sourceTree = "<group>"; };
		03D15DF21FC4438400CA4A37 /* PrestoPanelUISketchPanelBackgroundLayer.xib */ = {isa = PBXFileReference; fileEncoding = 4; lastKnownFileType = file.xib; path = PrestoPanelUISketchPanelBackgroundLayer.xib; sourceTree = "<group>"; };
		03D15DF31FC4438400CA4A37 /* PrestoPanelUISketchPanelCellOrientation.m */ = {isa = PBXFileReference; fileEncoding = 4; lastKnownFileType = sourcecode.c.objc; path = PrestoPanelUISketchPanelCellOrientation.m; sourceTree = "<group>"; };
		03D15DF41FC4438400CA4A37 /* PrestoPanelUISketchPanelCellAlignment.h */ = {isa = PBXFileReference; fileEncoding = 4; lastKnownFileType = sourcecode.c.h; path = PrestoPanelUISketchPanelCellAlignment.h; sourceTree = "<group>"; };
		03D15DF51FC4438400CA4A37 /* PrestoPanelUISketchPanelSmartComponent.m */ = {isa = PBXFileReference; fileEncoding = 4; lastKnownFileType = sourcecode.c.objc; path = PrestoPanelUISketchPanelSmartComponent.m; sourceTree = "<group>"; };
		03D15DF61FC4438400CA4A37 /* DUIPropsFeedback.m */ = {isa = PBXFileReference; fileEncoding = 4; lastKnownFileType = sourcecode.c.objc; path = DUIPropsFeedback.m; sourceTree = "<group>"; };
		03D15DF71FC4438400CA4A37 /* DUIPropsOverride.m */ = {isa = PBXFileReference; fileEncoding = 4; lastKnownFileType = sourcecode.c.objc; path = DUIPropsOverride.m; sourceTree = "<group>"; };
		03D15DF81FC4438400CA4A37 /* DUIPropsMapper.h */ = {isa = PBXFileReference; fileEncoding = 4; lastKnownFileType = sourcecode.c.h; path = DUIPropsMapper.h; sourceTree = "<group>"; };
		03D15DF91FC4438400CA4A37 /* DEUApi.m */ = {isa = PBXFileReference; fileEncoding = 4; lastKnownFileType = sourcecode.c.objc; path = DEUApi.m; sourceTree = "<group>"; };
		03D15DFA1FC4438400CA4A37 /* PrestoPanelUISketchPanelCellHeader.xib */ = {isa = PBXFileReference; fileEncoding = 4; lastKnownFileType = file.xib; path = PrestoPanelUISketchPanelCellHeader.xib; sourceTree = "<group>"; };
		03D15DFB1FC4438400CA4A37 /* PrestoPanelUISketchPanelController.m */ = {isa = PBXFileReference; fileEncoding = 4; lastKnownFileType = sourcecode.c.objc; path = PrestoPanelUISketchPanelController.m; sourceTree = "<group>"; };
		03D15DFC1FC4438400CA4A37 /* PrestoPanelUISketchPanelCellHeader.m */ = {isa = PBXFileReference; fileEncoding = 4; lastKnownFileType = sourcecode.c.objc; path = PrestoPanelUISketchPanelCellHeader.m; sourceTree = "<group>"; };
		03D15DFE1FC4438400CA4A37 /* centreh.png */ = {isa = PBXFileReference; lastKnownFileType = image.png; path = centreh.png; sourceTree = "<group>"; };
		03D15DFF1FC4438400CA4A37 /* Vertical.png */ = {isa = PBXFileReference; lastKnownFileType = image.png; path = Vertical.png; sourceTree = "<group>"; };
		03D15E001FC4438400CA4A37 /* bottom.png */ = {isa = PBXFileReference; lastKnownFileType = image.png; path = bottom.png; sourceTree = "<group>"; };
		03D15E011FC4438400CA4A37 /* Horizontal.png */ = {isa = PBXFileReference; lastKnownFileType = image.png; path = Horizontal.png; sourceTree = "<group>"; };
		03D15E021FC4438400CA4A37 /* left.png */ = {isa = PBXFileReference; lastKnownFileType = image.png; path = left.png; sourceTree = "<group>"; };
		03D15E031FC4438400CA4A37 /* top.png */ = {isa = PBXFileReference; lastKnownFileType = image.png; path = top.png; sourceTree = "<group>"; };
		03D15E041FC4438400CA4A37 /* centerv.png */ = {isa = PBXFileReference; lastKnownFileType = image.png; path = centerv.png; sourceTree = "<group>"; };
		03D15E051FC4438400CA4A37 /* right.png */ = {isa = PBXFileReference; lastKnownFileType = image.png; path = right.png; sourceTree = "<group>"; };
		03D15E061FC4438400CA4A37 /* DUIPropsFeedback.h */ = {isa = PBXFileReference; fileEncoding = 4; lastKnownFileType = sourcecode.c.h; path = DUIPropsFeedback.h; sourceTree = "<group>"; };
		03D15E071FC4438400CA4A37 /* DUIPropsMapper.m */ = {isa = PBXFileReference; fileEncoding = 4; lastKnownFileType = sourcecode.c.objc; path = DUIPropsMapper.m; sourceTree = "<group>"; };
		03D15E081FC4438400CA4A37 /* DUIPropsOverride.h */ = {isa = PBXFileReference; fileEncoding = 4; lastKnownFileType = sourcecode.c.h; path = DUIPropsOverride.h; sourceTree = "<group>"; };
		03D15E091FC4438400CA4A37 /* PrestoPanelUI.js */ = {isa = PBXFileReference; fileEncoding = 4; lastKnownFileType = sourcecode.javascript; path = PrestoPanelUI.js; sourceTree = "<group>"; };
		03D15E0A1FC4438400CA4A37 /* PrestoPanelUI.m */ = {isa = PBXFileReference; fileEncoding = 4; lastKnownFileType = sourcecode.c.objc; path = PrestoPanelUI.m; sourceTree = "<group>"; };
		03D15E0C1FC4438400CA4A37 /* PrestoPanelUIMSDocument.h */ = {isa = PBXFileReference; fileEncoding = 4; lastKnownFileType = sourcecode.c.h; path = PrestoPanelUIMSDocument.h; sourceTree = "<group>"; };
		03D15E0D1FC4438400CA4A37 /* PrestoPanelUIMSInspectorStackView.h */ = {isa = PBXFileReference; fileEncoding = 4; lastKnownFileType = sourcecode.c.h; path = PrestoPanelUIMSInspectorStackView.h; sourceTree = "<group>"; };
		03D15E0E1FC4438400CA4A37 /* Info.plist */ = {isa = PBXFileReference; fileEncoding = 4; lastKnownFileType = text.plist.xml; path = Info.plist; sourceTree = "<group>"; };
		03D15E461FC4439700CA4A37 /* src */ = {isa = PBXFileReference; lastKnownFileType = folder; path = src; sourceTree = "<group>"; };
/* End PBXFileReference section */

/* Begin PBXFrameworksBuildPhase section */
		03BAA5051F140BFB001A493A /* Frameworks */ = {
			isa = PBXFrameworksBuildPhase;
			buildActionMask = 2147483647;
			files = (
			);
			runOnlyForDeploymentPostprocessing = 0;
		};
		03BAA5181F140C1E001A493A /* Frameworks */ = {
			isa = PBXFrameworksBuildPhase;
			buildActionMask = 2147483647;
			files = (
				0325F0291FC4817B00D6E1F4 /* CocoaScript.framework in Frameworks */,
				0325F02A1FC4817B00D6E1F4 /* Mocha.framework in Frameworks */,
			);
			runOnlyForDeploymentPostprocessing = 0;
		};
/* End PBXFrameworksBuildPhase section */

/* Begin PBXGroup section */
		0325F0241FC4817B00D6E1F4 /* Frameworks */ = {
			isa = PBXGroup;
			children = (
				0325F0261FC4817B00D6E1F4 /* PrestoPanel.xcodeproj */,
			);
			name = Frameworks;
			sourceTree = "<group>";
		};
		0325F0271FC4817B00D6E1F4 /* Products */ = {
			isa = PBXGroup;
			name = Products;
			sourceTree = "<group>";
		};
		03BAA4FF1F140BFB001A493A = {
			isa = PBXGroup;
			children = (
				03D15DC41FC4437D00CA4A37 /* PrestoPanel */,
				03D15DD21FC4438400CA4A37 /* PrestoPanelUI */,
				03BAA50B1F140BFB001A493A /* Products */,
				0325F0241FC4817B00D6E1F4 /* Frameworks */,
			);
			sourceTree = "<group>";
		};
		03BAA50B1F140BFB001A493A /* Products */ = {
			isa = PBXGroup;
			children = (
				03BAA50A1F140BFB001A493A /* PrestoPanel.sketchplugin */,
				03BAA51D1F140C1E001A493A /* PrestoPanelUI.framework */,
			);
			name = Products;
			sourceTree = "<group>";
		};
		03D15DC41FC4437D00CA4A37 /* PrestoPanel */ = {
			isa = PBXGroup;
			children = (
				03D15DC51FC4437D00CA4A37 /* file.html */,
				03D15DC61FC4437D00CA4A37 /* manifest.json */,
				03D15DC71FC4437D00CA4A37 /* Info.plist */,
				03D15E461FC4439700CA4A37 /* src */,
			);
			path = PrestoPanel;
			sourceTree = "<group>";
		};
		03D15DD21FC4438400CA4A37 /* PrestoPanelUI */ = {
			isa = PBXGroup;
			children = (
				03D15DD51FC4438400CA4A37 /* PrestoPanelUI.h */,
				03D15E0A1FC4438400CA4A37 /* PrestoPanelUI.m */,
				03D15E091FC4438400CA4A37 /* PrestoPanelUI.js */,
				03D15DD61FC4438400CA4A37 /* Library */,
				03D15E0B1FC4438400CA4A37 /* Protocols */,
				03D15DDB1FC4438400CA4A37 /* User Subclasses */,
				03D15DD41FC4438400CA4A37 /* Mocha.framework */,
				03D15DD31FC4438400CA4A37 /* CocoaScript.framework */,
				03D15E0E1FC4438400CA4A37 /* Info.plist */,
			);
			path = PrestoPanelUI;
			sourceTree = "<group>";
		};
		03D15DD61FC4438400CA4A37 /* Library */ = {
			isa = PBXGroup;
			children = (
				03D15DD71FC4438400CA4A37 /* PrestoPanelUISketchPanel.m */,
				03D15DD81FC4438400CA4A37 /* PrestoPanelUISketchPanelCell.m */,
				03D15DD91FC4438400CA4A37 /* PrestoPanelUISketchPanel.h */,
				03D15DDA1FC4438400CA4A37 /* PrestoPanelUISketchPanelCell.h */,
			);
			path = Library;
			sourceTree = "<group>";
		};
		03D15DDB1FC4438400CA4A37 /* User Subclasses */ = {
			isa = PBXGroup;
			children = (
				03D15DDC1FC4438400CA4A37 /* PrestoPanelUISketchPanelCellHeader.h */,
				03D15DDD1FC4438400CA4A37 /* PrestoPanelUISketchPanelController.h */,
				03D15DDE1FC4438400CA4A37 /* PrestoPanelUISketchPanelDataSource.h */,
				03D15DDF1FC4438400CA4A37 /* PrestoPanelUISketchPanelCellDefault.h */,
				03D15DE01FC4438400CA4A37 /* PrestoPanelUISketchPanelCellDefault.xib */,
				03D15DE11FC4438400CA4A37 /* PrestoCells */,
				03D15DF61FC4438400CA4A37 /* DUIPropsFeedback.m */,
				03D15DF71FC4438400CA4A37 /* DUIPropsOverride.m */,
				03D15DF81FC4438400CA4A37 /* DUIPropsMapper.h */,
				03D15DF91FC4438400CA4A37 /* DEUApi.m */,
				03D15DFA1FC4438400CA4A37 /* PrestoPanelUISketchPanelCellHeader.xib */,
				03D15DFB1FC4438400CA4A37 /* PrestoPanelUISketchPanelController.m */,
				03D15DFC1FC4438400CA4A37 /* PrestoPanelUISketchPanelCellHeader.m */,
				03D15DFD1FC4438400CA4A37 /* icons */,
				03D15E061FC4438400CA4A37 /* DUIPropsFeedback.h */,
				03D15E071FC4438400CA4A37 /* DUIPropsMapper.m */,
				03D15E081FC4438400CA4A37 /* DUIPropsOverride.h */,
			);
			path = "User Subclasses";
			sourceTree = "<group>";
		};
		03D15DE11FC4438400CA4A37 /* PrestoCells */ = {
			isa = PBXGroup;
			children = (
				03D15DE41FC4438400CA4A37 /* PrestoPanelUISketchPanelBackgroundLayer.h */,
				03D15DEF1FC4438400CA4A37 /* PrestoPanelUISketchPanelBackgroundLayer.m */,
				03D15DF21FC4438400CA4A37 /* PrestoPanelUISketchPanelBackgroundLayer.xib */,
				03D15DF41FC4438400CA4A37 /* PrestoPanelUISketchPanelCellAlignment.h */,
				03D15DE91FC4438400CA4A37 /* PrestoPanelUISketchPanelCellAlignment.m */,
				03D15DE31FC4438400CA4A37 /* PrestoPanelUISketchPanelCellAlignment.xib */,
				03D15DE51FC4438400CA4A37 /* PrestoPanelUISketchPanelCellDefault.h */,
				03D15DEE1FC4438400CA4A37 /* PrestoPanelUISketchPanelCellDefault.m */,
				03D15DEB1FC4438400CA4A37 /* PrestoPanelUISketchPanelCellOrientation.h */,
				03D15DF31FC4438400CA4A37 /* PrestoPanelUISketchPanelCellOrientation.m */,
				03D15DEC1FC4438400CA4A37 /* PrestoPanelUISketchPanelCellOrientation.xib */,
				03D15DED1FC4438400CA4A37 /* PrestoPanelUISketchPanelCellSpacing.h */,
				03D15DE21FC4438400CA4A37 /* PrestoPanelUISketchPanelCellSpacing.m */,
				03D15DF01FC4438400CA4A37 /* PrestoPanelUISketchPanelCellSpacing.xib */,
				03D15DF11FC4438400CA4A37 /* PrestoPanelUISketchPanelScreenFlow.h */,
				03D15DE61FC4438400CA4A37 /* PrestoPanelUISketchPanelScreenFlow.m */,
				03D15DEA1FC4438400CA4A37 /* PrestoPanelUISketchPanelScreenFlow.xib */,
				03D15DE71FC4438400CA4A37 /* PrestoPanelUISketchPanelSmartComponent.h */,
				03D15DF51FC4438400CA4A37 /* PrestoPanelUISketchPanelSmartComponent.m */,
				03D15DE81FC4438400CA4A37 /* PrestoPanelUISketchPanelSmartComponent.xib */,
			);
			path = PrestoCells;
			sourceTree = "<group>";
		};
		03D15DFD1FC4438400CA4A37 /* icons */ = {
			isa = PBXGroup;
			children = (
				03D15DFE1FC4438400CA4A37 /* centreh.png */,
				03D15DFF1FC4438400CA4A37 /* Vertical.png */,
				03D15E001FC4438400CA4A37 /* bottom.png */,
				03D15E011FC4438400CA4A37 /* Horizontal.png */,
				03D15E021FC4438400CA4A37 /* left.png */,
				03D15E031FC4438400CA4A37 /* top.png */,
				03D15E041FC4438400CA4A37 /* centerv.png */,
				03D15E051FC4438400CA4A37 /* right.png */,
			);
			path = icons;
			sourceTree = "<group>";
		};
		03D15E0B1FC4438400CA4A37 /* Protocols */ = {
			isa = PBXGroup;
			children = (
				03D15E0C1FC4438400CA4A37 /* PrestoPanelUIMSDocument.h */,
				03D15E0D1FC4438400CA4A37 /* PrestoPanelUIMSInspectorStackView.h */,
			);
			path = Protocols;
			sourceTree = "<group>";
		};
/* End PBXGroup section */

/* Begin PBXHeadersBuildPhase section */
		03BAA5191F140C1E001A493A /* Headers */ = {
			isa = PBXHeadersBuildPhase;
			buildActionMask = 2147483647;
			files = (
				03D15E111FC4438500CA4A37 /* PrestoPanelUI.h in Headers */,
				03D15E401FC4438500CA4A37 /* DUIPropsOverride.h in Headers */,
				03D15E2D1FC4438500CA4A37 /* PrestoPanelUISketchPanelCellAlignment.h in Headers */,
				03D15E431FC4438500CA4A37 /* PrestoPanelUIMSDocument.h in Headers */,
				03D15E1D1FC4438500CA4A37 /* PrestoPanelUISketchPanelBackgroundLayer.h in Headers */,
				03D15E1E1FC4438500CA4A37 /* PrestoPanelUISketchPanelCellDefault.h in Headers */,
				03D15E3E1FC4438500CA4A37 /* DUIPropsFeedback.h in Headers */,
				03D15E2A1FC4438500CA4A37 /* PrestoPanelUISketchPanelScreenFlow.h in Headers */,
				03D15E201FC4438500CA4A37 /* PrestoPanelUISketchPanelSmartComponent.h in Headers */,
				03D15E241FC4438500CA4A37 /* PrestoPanelUISketchPanelCellOrientation.h in Headers */,
				03D15E141FC4438500CA4A37 /* PrestoPanelUISketchPanel.h in Headers */,
				03D15E151FC4438500CA4A37 /* PrestoPanelUISketchPanelCell.h in Headers */,
				03D15E441FC4438500CA4A37 /* PrestoPanelUIMSInspectorStackView.h in Headers */,
				03D15E181FC4438500CA4A37 /* PrestoPanelUISketchPanelDataSource.h in Headers */,
				03D15E261FC4438500CA4A37 /* PrestoPanelUISketchPanelCellSpacing.h in Headers */,
				03D15E191FC4438500CA4A37 /* PrestoPanelUISketchPanelCellDefault.h in Headers */,
				03D15E161FC4438500CA4A37 /* PrestoPanelUISketchPanelCellHeader.h in Headers */,
				03D15E171FC4438500CA4A37 /* PrestoPanelUISketchPanelController.h in Headers */,
				03D15E311FC4438500CA4A37 /* DUIPropsMapper.h in Headers */,
			);
			runOnlyForDeploymentPostprocessing = 0;
		};
/* End PBXHeadersBuildPhase section */

/* Begin PBXNativeTarget section */
		03BAA5091F140BFB001A493A /* PrestoPanel */ = {
			isa = PBXNativeTarget;
			buildConfigurationList = 03BAA5141F140BFB001A493A /* Build configuration list for PBXNativeTarget "PrestoPanel" */;
			buildPhases = (
				03BAA5041F140BFB001A493A /* Sources */,
				03BAA5051F140BFB001A493A /* Frameworks */,
				03BAA5061F140BFB001A493A /* CopyFiles */,
				03BAA5071F140BFB001A493A /* ShellScript */,
				03BAA5081F140BFB001A493A /* ShellScript */,
				186D3FE81F1B5E9900D3CD28 /* CopyFiles */,
			);
			buildRules = (
			);
			dependencies = (
				03BAA54F1F140C38001A493A /* PBXTargetDependency */,
			);
			name = PrestoPanel;
			productName = PrestoPanel;
			productReference = 03BAA50A1F140BFB001A493A /* PrestoPanel.sketchplugin */;
			productType = "com.apple.product-type.bundle";
		};
		03BAA51C1F140C1E001A493A /* PrestoPanelUI */ = {
			isa = PBXNativeTarget;
			buildConfigurationList = 03BAA54B1F140C1F001A493A /* Build configuration list for PBXNativeTarget "PrestoPanelUI" */;
			buildPhases = (
				03BAA5171F140C1E001A493A /* Sources */,
				03BAA5181F140C1E001A493A /* Frameworks */,
				03BAA5191F140C1E001A493A /* Headers */,
				03BAA51A1F140C1E001A493A /* Resources */,
				03BAA51B1F140C1E001A493A /* ShellScript */,
			);
			buildRules = (
			);
			dependencies = (
			);
			name = PrestoPanelUI;
			productName = JuspayPanelUI;
			productReference = 03BAA51D1F140C1E001A493A /* PrestoPanelUI.framework */;
			productType = "com.apple.product-type.framework";
		};
/* End PBXNativeTarget section */

/* Begin PBXProject section */
		03BAA5001F140BFB001A493A /* Project object */ = {
			isa = PBXProject;
			attributes = {
				LastUpgradeCheck = 0830;
				ORGANIZATIONNAME = "Juspay Technologies";
				TargetAttributes = {
					03BAA5091F140BFB001A493A = {
						CreatedOnToolsVersion = 8.3.2;
						DevelopmentTeam = YM9U73Z2JM;
						ProvisioningStyle = Automatic;
					};
					03BAA51C1F140C1E001A493A = {
						CreatedOnToolsVersion = 8.3.2;
						DevelopmentTeam = YM9U73Z2JM;
						ProvisioningStyle = Automatic;
					};
				};
			};
			buildConfigurationList = 03BAA5031F140BFB001A493A /* Build configuration list for PBXProject "PrestoPanel" */;
			compatibilityVersion = "Xcode 3.2";
			developmentRegion = English;
			hasScannedForEncodings = 0;
			knownRegions = (
				en,
			);
			mainGroup = 03BAA4FF1F140BFB001A493A;
			productRefGroup = 03BAA50B1F140BFB001A493A /* Products */;
			projectDirPath = "";
			projectReferences = (
				{
					ProductGroup = 0325F0271FC4817B00D6E1F4 /* Products */;
					ProjectRef = 0325F0261FC4817B00D6E1F4 /* PrestoPanel.xcodeproj */;
				},
			);
			projectRoot = "";
			targets = (
				03BAA5091F140BFB001A493A /* PrestoPanel */,
				03BAA51C1F140C1E001A493A /* PrestoPanelUI */,
			);
		};
/* End PBXProject section */

/* Begin PBXResourcesBuildPhase section */
		03BAA51A1F140C1E001A493A /* Resources */ = {
			isa = PBXResourcesBuildPhase;
			buildActionMask = 2147483647;
			files = (
				03D15E2B1FC4438500CA4A37 /* PrestoPanelUISketchPanelBackgroundLayer.xib in Resources */,
				03D15E371FC4438500CA4A37 /* Vertical.png in Resources */,
				03D15E211FC4438500CA4A37 /* PrestoPanelUISketchPanelSmartComponent.xib in Resources */,
				03D15E381FC4438500CA4A37 /* bottom.png in Resources */,
				03D15E251FC4438500CA4A37 /* PrestoPanelUISketchPanelCellOrientation.xib in Resources */,
				03D15E1A1FC4438500CA4A37 /* PrestoPanelUISketchPanelCellDefault.xib in Resources */,
				03D15E3A1FC4438500CA4A37 /* left.png in Resources */,
				03D15E331FC4438500CA4A37 /* PrestoPanelUISketchPanelCellHeader.xib in Resources */,
				03D15E3C1FC4438500CA4A37 /* centerv.png in Resources */,
				03D15E291FC4438500CA4A37 /* PrestoPanelUISketchPanelCellSpacing.xib in Resources */,
				03D15E3D1FC4438500CA4A37 /* right.png in Resources */,
				03D15E1C1FC4438500CA4A37 /* PrestoPanelUISketchPanelCellAlignment.xib in Resources */,
				03D15E361FC4438500CA4A37 /* centreh.png in Resources */,
				03D15E3B1FC4438500CA4A37 /* top.png in Resources */,
				03D15E411FC4438500CA4A37 /* PrestoPanelUI.js in Resources */,
				03D15E231FC4438500CA4A37 /* PrestoPanelUISketchPanelScreenFlow.xib in Resources */,
				03D15E391FC4438500CA4A37 /* Horizontal.png in Resources */,
			);
			runOnlyForDeploymentPostprocessing = 0;
		};
/* End PBXResourcesBuildPhase section */

/* Begin PBXShellScriptBuildPhase section */
		03BAA5071F140BFB001A493A /* ShellScript */ = {
			isa = PBXShellScriptBuildPhase;
			buildActionMask = 2147483647;
			files = (
			);
			inputPaths = (
			);
			outputPaths = (
			);
			runOnlyForDeploymentPostprocessing = 0;
			shellPath = /bin/sh;
			shellScript = "echo \"Installing ${WRAPPER_NAME} to ~/Library/Application\\ Support/com.bohemiancoding.sketch3/Plugins/\"\ncp -rf ${BUILT_PRODUCTS_DIR}/${WRAPPER_NAME} ~/Library/Application\\ Support/com.bohemiancoding.sketch3/Plugins/\necho \"... Finished!\"";
		};
		03BAA5081F140BFB001A493A /* ShellScript */ = {
			isa = PBXShellScriptBuildPhase;
			buildActionMask = 2147483647;
			files = (
			);
			inputPaths = (
			);
			outputPaths = (
			);
			runOnlyForDeploymentPostprocessing = 0;
			shellPath = /bin/sh;
			shellScript = "f1=\"manifest.json\"\necho \"CONFIGURATION_BUILD_DIR = $CONFIGURATION_BUILD_DIR\"\necho \"CONTENTS_FOLDER_PATH = $CONTENTS_FOLDER_PATH\"\necho \"PLUGIN_VERSION = $PLUGIN_VERSION\"\necho \"PLUGIN_BUILD = $PLUGIN_BUILD\"\necho \"PLUGIN_IDENTIFIER = $PLUGIN_IDENTIFIER\"\nf2=\"$CONFIGURATION_BUILD_DIR/$CONTENTS_FOLDER_PATH/Sketch/$f1\"\nif [ -f $f2 ]; then\nsed -i \"\" -e \"s/PLUGIN_VERSION/$PLUGIN_VERSION/g\" \"$f2\"\nsed -i \"\" -e \"s/PLUGIN_BUILD/$PLUGIN_BUILD/g\" \"$f2\"\nsed -i \"\" -e \"s/PLUGIN_IDENTIFIER/$PLUGIN_IDENTIFIER/g\" \"$f2\"\n#atom \"$f2\"\nelse\necho \"File not found: $f2\"\nfi";
		};
		03BAA51B1F140C1E001A493A /* ShellScript */ = {
			isa = PBXShellScriptBuildPhase;
			buildActionMask = 2147483647;
			files = (
			);
			inputPaths = (
			);
			outputPaths = (
			);
			runOnlyForDeploymentPostprocessing = 0;
			shellPath = /bin/sh;
			shellScript = "# Copy .js to .framework/.js\ncp ${SRCROOT}/${TARGET_NAME}/${TARGET_NAME}.js ${TARGET_BUILD_DIR}/${FULL_PRODUCT_NAME}/";
		};
/* End PBXShellScriptBuildPhase section */

/* Begin PBXSourcesBuildPhase section */
		03BAA5041F140BFB001A493A /* Sources */ = {
			isa = PBXSourcesBuildPhase;
			buildActionMask = 2147483647;
			files = (
			);
			runOnlyForDeploymentPostprocessing = 0;
		};
		03BAA5171F140C1E001A493A /* Sources */ = {
			isa = PBXSourcesBuildPhase;
			buildActionMask = 2147483647;
			files = (
				03D15E2E1FC4438500CA4A37 /* PrestoPanelUISketchPanelSmartComponent.m in Sources */,
				03D15E341FC4438500CA4A37 /* PrestoPanelUISketchPanelController.m in Sources */,
				03D15E121FC4438500CA4A37 /* PrestoPanelUISketchPanel.m in Sources */,
				03D15E281FC4438500CA4A37 /* PrestoPanelUISketchPanelBackgroundLayer.m in Sources */,
				03D15E421FC4438500CA4A37 /* PrestoPanelUI.m in Sources */,
				03D15E321FC4438500CA4A37 /* DEUApi.m in Sources */,
				03D15E271FC4438500CA4A37 /* PrestoPanelUISketchPanelCellDefault.m in Sources */,
				03D15E351FC4438500CA4A37 /* PrestoPanelUISketchPanelCellHeader.m in Sources */,
				03D15E131FC4438500CA4A37 /* PrestoPanelUISketchPanelCell.m in Sources */,
				03D15E2C1FC4438500CA4A37 /* PrestoPanelUISketchPanelCellOrientation.m in Sources */,
				03D15E3F1FC4438500CA4A37 /* DUIPropsMapper.m in Sources */,
				03D15E1B1FC4438500CA4A37 /* PrestoPanelUISketchPanelCellSpacing.m in Sources */,
				03D15E1F1FC4438500CA4A37 /* PrestoPanelUISketchPanelScreenFlow.m in Sources */,
				03D15E2F1FC4438500CA4A37 /* DUIPropsFeedback.m in Sources */,
				03D15E301FC4438500CA4A37 /* DUIPropsOverride.m in Sources */,
				03D15E221FC4438500CA4A37 /* PrestoPanelUISketchPanelCellAlignment.m in Sources */,
			);
			runOnlyForDeploymentPostprocessing = 0;
		};
/* End PBXSourcesBuildPhase section */

/* Begin PBXTargetDependency section */
		03BAA54F1F140C38001A493A /* PBXTargetDependency */ = {
			isa = PBXTargetDependency;
			target = 03BAA51C1F140C1E001A493A /* PrestoPanelUI */;
			targetProxy = 03BAA54E1F140C38001A493A /* PBXContainerItemProxy */;
		};
/* End PBXTargetDependency section */

/* Begin XCBuildConfiguration section */
		03BAA5121F140BFB001A493A /* Debug */ = {
			isa = XCBuildConfiguration;
			buildSettings = {
				ALWAYS_SEARCH_USER_PATHS = NO;
				CLANG_ANALYZER_NONNULL = YES;
				CLANG_ANALYZER_NUMBER_OBJECT_CONVERSION = YES_AGGRESSIVE;
				CLANG_CXX_LANGUAGE_STANDARD = "gnu++0x";
				CLANG_CXX_LIBRARY = "libc++";
				CLANG_ENABLE_MODULES = YES;
				CLANG_ENABLE_OBJC_ARC = YES;
				CLANG_WARN_BOOL_CONVERSION = YES;
				CLANG_WARN_CONSTANT_CONVERSION = YES;
				CLANG_WARN_DIRECT_OBJC_ISA_USAGE = YES_ERROR;
				CLANG_WARN_DOCUMENTATION_COMMENTS = YES;
				CLANG_WARN_EMPTY_BODY = YES;
				CLANG_WARN_ENUM_CONVERSION = YES;
				CLANG_WARN_INFINITE_RECURSION = YES;
				CLANG_WARN_INT_CONVERSION = YES;
				CLANG_WARN_OBJC_ROOT_CLASS = YES_ERROR;
				CLANG_WARN_SUSPICIOUS_MOVE = YES;
				CLANG_WARN_UNREACHABLE_CODE = YES;
				CLANG_WARN__DUPLICATE_METHOD_MATCH = YES;
				CODE_SIGN_IDENTITY = "-";
				COPY_PHASE_STRIP = NO;
				DEBUG_INFORMATION_FORMAT = dwarf;
				ENABLE_STRICT_OBJC_MSGSEND = YES;
				ENABLE_TESTABILITY = YES;
				GCC_C_LANGUAGE_STANDARD = gnu99;
				GCC_DYNAMIC_NO_PIC = NO;
				GCC_NO_COMMON_BLOCKS = YES;
				GCC_OPTIMIZATION_LEVEL = 0;
				GCC_PREPROCESSOR_DEFINITIONS = (
					"DEBUG=1",
					"$(inherited)",
				);
				GCC_WARN_64_TO_32_BIT_CONVERSION = YES;
				GCC_WARN_ABOUT_RETURN_TYPE = YES_ERROR;
				GCC_WARN_UNDECLARED_SELECTOR = YES;
				GCC_WARN_UNINITIALIZED_AUTOS = YES_AGGRESSIVE;
				GCC_WARN_UNUSED_FUNCTION = YES;
				GCC_WARN_UNUSED_VARIABLE = YES;
				MACOSX_DEPLOYMENT_TARGET = 10.12;
				MTL_ENABLE_DEBUG_INFO = YES;
				ONLY_ACTIVE_ARCH = YES;
				SDKROOT = macosx;
			};
			name = Debug;
		};
		03BAA5131F140BFB001A493A /* Release */ = {
			isa = XCBuildConfiguration;
			buildSettings = {
				ALWAYS_SEARCH_USER_PATHS = NO;
				CLANG_ANALYZER_NONNULL = YES;
				CLANG_ANALYZER_NUMBER_OBJECT_CONVERSION = YES_AGGRESSIVE;
				CLANG_CXX_LANGUAGE_STANDARD = "gnu++0x";
				CLANG_CXX_LIBRARY = "libc++";
				CLANG_ENABLE_MODULES = YES;
				CLANG_ENABLE_OBJC_ARC = YES;
				CLANG_WARN_BOOL_CONVERSION = YES;
				CLANG_WARN_CONSTANT_CONVERSION = YES;
				CLANG_WARN_DIRECT_OBJC_ISA_USAGE = YES_ERROR;
				CLANG_WARN_DOCUMENTATION_COMMENTS = YES;
				CLANG_WARN_EMPTY_BODY = YES;
				CLANG_WARN_ENUM_CONVERSION = YES;
				CLANG_WARN_INFINITE_RECURSION = YES;
				CLANG_WARN_INT_CONVERSION = YES;
				CLANG_WARN_OBJC_ROOT_CLASS = YES_ERROR;
				CLANG_WARN_SUSPICIOUS_MOVE = YES;
				CLANG_WARN_UNREACHABLE_CODE = YES;
				CLANG_WARN__DUPLICATE_METHOD_MATCH = YES;
				CODE_SIGN_IDENTITY = "-";
				COPY_PHASE_STRIP = NO;
				DEBUG_INFORMATION_FORMAT = "dwarf-with-dsym";
				ENABLE_NS_ASSERTIONS = NO;
				ENABLE_STRICT_OBJC_MSGSEND = YES;
				GCC_C_LANGUAGE_STANDARD = gnu99;
				GCC_NO_COMMON_BLOCKS = YES;
				GCC_WARN_64_TO_32_BIT_CONVERSION = YES;
				GCC_WARN_ABOUT_RETURN_TYPE = YES_ERROR;
				GCC_WARN_UNDECLARED_SELECTOR = YES;
				GCC_WARN_UNINITIALIZED_AUTOS = YES_AGGRESSIVE;
				GCC_WARN_UNUSED_FUNCTION = YES;
				GCC_WARN_UNUSED_VARIABLE = YES;
				MACOSX_DEPLOYMENT_TARGET = 10.12;
				MTL_ENABLE_DEBUG_INFO = NO;
				SDKROOT = macosx;
			};
			name = Release;
		};
		03BAA5151F140BFB001A493A /* Debug */ = {
			isa = XCBuildConfiguration;
			buildSettings = {
				CODE_SIGN_IDENTITY = "Mac Developer";
				COMBINE_HIDPI_IMAGES = YES;
				DEVELOPMENT_TEAM = YM9U73Z2JM;
				INFOPLIST_FILE = "$(SRCROOT)/PrestoPanel/Info.plist";
				INSTALL_PATH = "$(LOCAL_LIBRARY_DIR)/Bundles";
				MACOSX_DEPLOYMENT_TARGET = 10.7;
				PLUGIN_BUILD = 1;
				PLUGIN_IDENTIFIER = "${PRODUCT_BUNDLE_IDENTIFIER}";
				PLUGIN_VERSION = 1.0;
				PRODUCT_BUNDLE_IDENTIFIER = in.juspay.PrestoPanel;
				PRODUCT_NAME = "$(TARGET_NAME)";
				PROVISIONING_PROFILE_SPECIFIER = "";
				SKIP_INSTALL = YES;
				WRAPPER_EXTENSION = sketchplugin;
			};
			name = Debug;
		};
		03BAA5161F140BFB001A493A /* Release */ = {
			isa = XCBuildConfiguration;
			buildSettings = {
				CODE_SIGN_IDENTITY = "Mac Developer";
				COMBINE_HIDPI_IMAGES = YES;
				DEVELOPMENT_TEAM = YM9U73Z2JM;
				INFOPLIST_FILE = "$(SRCROOT)/PrestoPanel/Info.plist";
				INSTALL_PATH = "$(LOCAL_LIBRARY_DIR)/Bundles";
				MACOSX_DEPLOYMENT_TARGET = 10.7;
				PLUGIN_BUILD = 1;
				PLUGIN_IDENTIFIER = "${PRODUCT_BUNDLE_IDENTIFIER}";
				PLUGIN_VERSION = 1.0;
				PRODUCT_BUNDLE_IDENTIFIER = in.juspay.PrestoPanel;
				PRODUCT_NAME = "$(TARGET_NAME)";
				PROVISIONING_PROFILE_SPECIFIER = "";
				SKIP_INSTALL = YES;
				WRAPPER_EXTENSION = sketchplugin;
			};
			name = Release;
		};
		03BAA54C1F140C1F001A493A /* Debug */ = {
			isa = XCBuildConfiguration;
			buildSettings = {
				CODE_SIGN_IDENTITY = "";
				COMBINE_HIDPI_IMAGES = YES;
				CURRENT_PROJECT_VERSION = 1;
				DEFINES_MODULE = YES;
				DEVELOPMENT_TEAM = YM9U73Z2JM;
				DYLIB_COMPATIBILITY_VERSION = 1;
				DYLIB_CURRENT_VERSION = 1;
				DYLIB_INSTALL_NAME_BASE = "@rpath";
				FRAMEWORK_SEARCH_PATHS = (
					"$(inherited)",
					"$(PROJECT_DIR)/JuspayPanelUI",
					"$(PROJECT_DIR)/PrestoPanelUI",
				);
				FRAMEWORK_VERSION = A;
				INFOPLIST_FILE = "$(SRCROOT)/PrestoPanelUI/Info.plist";
				INSTALL_PATH = "$(LOCAL_LIBRARY_DIR)/Frameworks";
				LD_RUNPATH_SEARCH_PATHS = "$(inherited) @executable_path/../Frameworks @loader_path/Frameworks";
				MACOSX_DEPLOYMENT_TARGET = 10.7;
				PRODUCT_BUNDLE_IDENTIFIER = in.juspay.PrestoPanelUI;
				PRODUCT_NAME = "$(TARGET_NAME)";
				SKIP_INSTALL = YES;
				VERSIONING_SYSTEM = "apple-generic";
				VERSION_INFO_PREFIX = "";
			};
			name = Debug;
		};
		03BAA54D1F140C1F001A493A /* Release */ = {
			isa = XCBuildConfiguration;
			buildSettings = {
				CODE_SIGN_IDENTITY = "";
				COMBINE_HIDPI_IMAGES = YES;
				CURRENT_PROJECT_VERSION = 1;
				DEFINES_MODULE = YES;
				DEVELOPMENT_TEAM = YM9U73Z2JM;
				DYLIB_COMPATIBILITY_VERSION = 1;
				DYLIB_CURRENT_VERSION = 1;
				DYLIB_INSTALL_NAME_BASE = "@rpath";
				FRAMEWORK_SEARCH_PATHS = (
					"$(inherited)",
					"$(PROJECT_DIR)/JuspayPanelUI",
					"$(PROJECT_DIR)/PrestoPanelUI",
				);
				FRAMEWORK_VERSION = A;
				INFOPLIST_FILE = "$(SRCROOT)/PrestoPanelUI/Info.plist";
				INSTALL_PATH = "$(LOCAL_LIBRARY_DIR)/Frameworks";
				LD_RUNPATH_SEARCH_PATHS = "$(inherited) @executable_path/../Frameworks @loader_path/Frameworks";
				MACOSX_DEPLOYMENT_TARGET = 10.7;
				PRODUCT_BUNDLE_IDENTIFIER = in.juspay.PrestoPanelUI;
				PRODUCT_NAME = "$(TARGET_NAME)";
				SKIP_INSTALL = YES;
				VERSIONING_SYSTEM = "apple-generic";
				VERSION_INFO_PREFIX = "";
			};
			name = Release;
		};
/* End XCBuildConfiguration section */

/* Begin XCConfigurationList section */
		03BAA5031F140BFB001A493A /* Build configuration list for PBXProject "PrestoPanel" */ = {
			isa = XCConfigurationList;
			buildConfigurations = (
				03BAA5121F140BFB001A493A /* Debug */,
				03BAA5131F140BFB001A493A /* Release */,
			);
			defaultConfigurationIsVisible = 0;
			defaultConfigurationName = Release;
		};
		03BAA5141F140BFB001A493A /* Build configuration list for PBXNativeTarget "PrestoPanel" */ = {
			isa = XCConfigurationList;
			buildConfigurations = (
				03BAA5151F140BFB001A493A /* Debug */,
				03BAA5161F140BFB001A493A /* Release */,
			);
			defaultConfigurationIsVisible = 0;
			defaultConfigurationName = Release;
		};
		03BAA54B1F140C1F001A493A /* Build configuration list for PBXNativeTarget "PrestoPanelUI" */ = {
			isa = XCConfigurationList;
			buildConfigurations = (
				03BAA54C1F140C1F001A493A /* Debug */,
				03BAA54D1F140C1F001A493A /* Release */,
			);
			defaultConfigurationIsVisible = 0;
			defaultConfigurationName = Release;
		};
/* End XCConfigurationList section */
	};
	rootObject = 03BAA5001F140BFB001A493A /* Project object */;
}
